{
  "version": 4,
  "terraform_version": "1.5.7",
  "serial": 9,
  "lineage": "1628c1cb-1975-d734-b8ae-02ff0ba15d25",
  "outputs": {},
  "resources": [
    {
      "module": "module.cloudsql",
      "mode": "managed",
      "type": "google_sql_database",
      "name": "default",
      "provider": "provider[\"registry.terraform.io/hashicorp/google\"]",
      "instances": [
        {
          "schema_version": 0,
          "attributes": {
            "charset": "UTF8",
            "collation": "en_US.UTF8",
            "deletion_policy": "DELETE",
            "id": "projects/affable-beaker-464822-b4/instances/dev-sql-instance/databases/devdb",
            "instance": "dev-sql-instance",
            "name": "devdb",
            "project": "affable-beaker-464822-b4",
            "self_link": "https://sqladmin.googleapis.com/sql/v1beta4/projects/affable-beaker-464822-b4/instances/dev-sql-instance/databases/devdb",
            "timeouts": null
          },
          "sensitive_attributes": [],
          "private": "eyJlMmJmYjczMC1lY2FhLTExZTYtOGY4OC0zNDM2M2JjN2M0YzAiOnsiY3JlYXRlIjoxMjAwMDAwMDAwMDAwLCJkZWxldGUiOjEyMDAwMDAwMDAwMDAsInVwZGF0ZSI6MTIwMDAwMDAwMDAwMH19",
          "dependencies": [
            "module.cloudsql.google_sql_database_instance.primary"
          ]
        }
      ]
    },
    {
      "module": "module.cloudsql",
      "mode": "managed",
      "type": "google_sql_database_instance",
      "name": "primary",
      "provider": "provider[\"registry.terraform.io/hashicorp/google\"]",
      "instances": [
        {
          "schema_version": 0,
          "attributes": {
            "available_maintenance_versions": [],
            "clone": [],
            "connection_name": "affable-beaker-464822-b4:australia-southeast1:dev-sql-instance",
            "database_version": "POSTGRES_14",
            "deletion_protection": true,
            "dns_name": "",
            "dns_names": [],
            "encryption_key_name": null,
            "first_ip_address": "10.126.0.2",
            "id": "dev-sql-instance",
            "instance_type": "CLOUD_SQL_INSTANCE",
            "ip_address": [
              {
                "ip_address": "10.126.0.2",
                "time_to_retire": "",
                "type": "PRIVATE"
              }
            ],
            "maintenance_version": "POSTGRES_14_18.R20250302.00_31",
            "master_instance_name": "",
            "name": "dev-sql-instance",
            "private_ip_address": "10.126.0.2",
            "project": "affable-beaker-464822-b4",
            "psc_service_attachment_link": "",
            "public_ip_address": "",
            "region": "australia-southeast1",
            "replica_configuration": [],
            "replica_names": [],
            "replication_cluster": [
              {
                "dr_replica": false,
                "failover_dr_replica_name": ""
              }
            ],
            "restore_backup_context": [],
            "root_password": "changeme-root-123",
            "self_link": "https://sqladmin.googleapis.com/sql/v1beta4/projects/affable-beaker-464822-b4/instances/dev-sql-instance",
            "server_ca_cert": [
              {
                "cert": "-----BEGIN CERTIFICATE-----\nMIIDfzCCAmegAwIBAgIBADANBgkqhkiG9w0BAQsFADB3MS0wKwYDVQQuEyRlZDYz\nNDk4Ny0yMjYyLTQzY2ItYTM0NC0yNjA1ZDYwNmNlYjQxIzAhBgNVBAMTGkdvb2ds\nZSBDbG91ZCBTUUwgU2VydmVyIENBMRQwEgYDVQQKEwtHb29nbGUsIEluYzELMAkG\nA1UEBhMCVVMwHhcNMjUwNzA2MTIwNDQ3WhcNMzUwNzA0MTIwNTQ3WjB3MS0wKwYD\nVQQuEyRlZDYzNDk4Ny0yMjYyLTQzY2ItYTM0NC0yNjA1ZDYwNmNlYjQxIzAhBgNV\nBAMTGkdvb2dsZSBDbG91ZCBTUUwgU2VydmVyIENBMRQwEgYDVQQKEwtHb29nbGUs\nIEluYzELMAkGA1UEBhMCVVMwggEiMA0GCSqGSIb3DQEBAQUAA4IBDwAwggEKAoIB\nAQDWslFrY4F1B6xv6QN1kE4zDzz3gP7B2BLZhsLamDol338b0W2CwUiSSiAZI4Rc\n6uTqUUXJOzpI+ZKfMN/fWf7RQvOwW1t1zm5FkIoBhEuVQ97mJtHFGF7TazLP+tus\nk7Cagkvyk9oqEw1otwuMGhhpRWuMt/CNNVLyp9+bpChwCAWzAZn9QA/EcZnjq1zI\nevEzWjggISu5058RC5HFmGujW5rDBH/E+AEmJdRgOPsgFNoAl8bgOOjbxUv4OjFB\n5ijYXUoFnVxQO9u8vDqypHLFU8W9i6jEq2EhIa4V12dG9CbmABiLxHazuTrd4aa5\nci9YIXPOv/xOUP5wf/Mn6Z9NAgMBAAGjFjAUMBIGA1UdEwEB/wQIMAYBAf8CAQAw\nDQYJKoZIhvcNAQELBQADggEBADIyopol+7n68vr1ylfcPGzFe9jmKzXk3PjcKJv8\nGyeTj+Z6isUy8iPirrLfJ3G93SKc9zDXsqo2T0j5UiXz0A3/NVO7IowU9nr3Lrtb\nMmQqpxsBDUbx9UUcvJenYArUhj39L5Toyo2WHyn87eKvmGdWPKlF8i0gZ8LkvUmE\ni6jzmQjXgO78gvbzgTO65806m7OXWMxk3lFlFKpYyaL4UNw3KoBeEeH+yUuc7/MN\nSrV/zGkGIu9CDxWgRKbba5Hoi6Z3tzTABZKz2WGlaLAjBwWr4wJThwfrM1HL/9VH\nsoUU8eyR5qkRCCwiOyp2Q38urhYfDzeBnHbGg+JM9IqYMDU=\n-----END CERTIFICATE-----",
                "common_name": "C=US,O=Google\\, Inc,CN=Google Cloud SQL Server CA,dnQualifier=ed634987-2262-43cb-a344-2605d606ceb4",
                "create_time": "2025-07-06T12:04:47.785Z",
                "expiration_time": "2035-07-04T12:05:47.785Z",
                "sha1_fingerprint": "85f5d993ec63ca66cec48398aa774251d1cd5445"
              }
            ],
            "service_account_email_address": "p566479143581-r4mco1@gcp-sa-cloud-sql.iam.gserviceaccount.com",
            "settings": [
              {
                "activation_policy": "ALWAYS",
                "active_directory_config": [],
                "advanced_machine_features": [],
                "availability_type": "REGIONAL",
                "backup_configuration": [
                  {
                    "backup_retention_settings": [
                      {
                        "retained_backups": 7,
                        "retention_unit": "COUNT"
                      }
                    ],
                    "binary_log_enabled": false,
                    "enabled": true,
                    "location": "",
                    "point_in_time_recovery_enabled": false,
                    "start_time": "03:00",
                    "transaction_log_retention_days": 7
                  }
                ],
                "collation": "",
                "connection_pool_config": [],
                "connector_enforcement": "NOT_REQUIRED",
                "data_cache_config": [
                  {
                    "data_cache_enabled": false
                  }
                ],
                "database_flags": [],
                "deletion_protection_enabled": true,
                "deny_maintenance_period": [],
                "disk_autoresize": true,
                "disk_autoresize_limit": 0,
                "disk_size": 50,
                "disk_type": "PD_SSD",
                "edition": "ENTERPRISE",
                "enable_dataplex_integration": false,
                "enable_google_ml_integration": false,
                "insights_config": [],
                "ip_configuration": [
                  {
                    "allocated_ip_range": "",
                    "authorized_networks": [],
                    "custom_subject_alternative_names": [],
                    "enable_private_path_for_google_cloud_services": false,
                    "ipv4_enabled": false,
                    "private_network": "projects/affable-beaker-464822-b4/global/networks/default",
                    "psc_config": [],
                    "server_ca_mode": "GOOGLE_MANAGED_INTERNAL_CA",
                    "server_ca_pool": "",
                    "ssl_mode": "ALLOW_UNENCRYPTED_AND_ENCRYPTED"
                  }
                ],
                "location_preference": [
                  {
                    "follow_gae_application": "",
                    "secondary_zone": "",
                    "zone": "australia-southeast1-b"
                  }
                ],
                "maintenance_window": [
                  {
                    "day": 7,
                    "hour": 3,
                    "update_track": "stable"
                  }
                ],
                "password_validation_policy": [],
                "pricing_plan": "PER_USE",
                "retain_backups_on_delete": false,
                "sql_server_audit_config": [],
                "tier": "db-custom-2-7680",
                "time_zone": "",
                "user_labels": {},
                "version": 5
              }
            ],
            "timeouts": null
          },
          "sensitive_attributes": [
            [
              {
                "type": "get_attr",
                "value": "root_password"
              }
            ]
          ],
          "private": "eyJlMmJmYjczMC1lY2FhLTExZTYtOGY4OC0zNDM2M2JjN2M0YzAiOnsiY3JlYXRlIjo1NDAwMDAwMDAwMDAwLCJkZWxldGUiOjU0MDAwMDAwMDAwMDAsInVwZGF0ZSI6NTQwMDAwMDAwMDAwMH19"
        }
      ]
    },
    {
      "module": "module.cloudsql",
      "mode": "managed",
      "type": "google_sql_user",
      "name": "default",
      "provider": "provider[\"registry.terraform.io/hashicorp/google\"]",
      "instances": [
        {
          "schema_version": 1,
          "attributes": {
            "deletion_policy": null,
            "host": "",
            "id": "devuser//dev-sql-instance",
            "instance": "dev-sql-instance",
            "name": "devuser",
            "password": "changeme-app-123",
            "password_policy": [],
            "password_wo": null,
            "password_wo_version": null,
            "project": "affable-beaker-464822-b4",
            "sql_server_user_details": [],
            "timeouts": null,
            "type": ""
          },
          "sensitive_attributes": [
            [
              {
                "type": "get_attr",
                "value": "password"
              }
            ]
          ],
          "private": "eyJlMmJmYjczMC1lY2FhLTExZTYtOGY4OC0zNDM2M2JjN2M0YzAiOnsiY3JlYXRlIjo2MDAwMDAwMDAwMDAsImRlbGV0ZSI6NjAwMDAwMDAwMDAwLCJ1cGRhdGUiOjYwMDAwMDAwMDAwMH0sInNjaGVtYV92ZXJzaW9uIjoiMSJ9",
          "dependencies": [
            "module.cloudsql.google_sql_database_instance.primary"
          ]
        }
      ]
    }
  ],
  "check_results": null
}
